
Microsoft Visual Studio Solution File, Format Version 12.00
# Visual Studio Version 16
VisualStudioVersion = 16.0.31702.278
MinimumVisualStudioVersion = 10.0.40219.1
Project("{FAE04EC0-301F-11D3-BF4B-00C04F79EFBC}") = "SampleAzureFunction", "SampleAzureFunction\SampleAzureFunction.csproj", "{93D5911F-17DA-4C5C-9949-316CC47B1A37}"
EndProject
Global
	GlobalSection(SolutionConfigurationPlatforms) = preSolution
		Debug|Any CPU = Debug|Any CPU
		Release|Any CPU = Release|Any CPU
	EndGlobalSection
	GlobalSection(ProjectConfigurationPlatforms) = postSolution
		{93D5911F-17DA-4C5C-9949-316CC47B1A37}.Debug|Any CPU.ActiveCfg = Debug|Any CPU
		{93D5911F-17DA-4C5C-9949-316CC47B1A37}.Debug|Any CPU.Build.0 = Debug|Any CPU
		{93D5911F-17DA-4C5C-9949-316CC47B1A37}.Release|Any CPU.ActiveCfg = Release|Any CPU
		{93D5911F-17DA-4C5C-9949-316CC47B1A37}.Release|Any CPU.Build.0 = Release|Any CPU
	EndGlobalSection
	GlobalSection(SolutionProperties) = preSolution
		HideSolutionNode = FALSE
	EndGlobalSection
	GlobalSection(ExtensibilityGlobals) = postSolution
		SolutionGuid = {C05B44CB-FBEF-46B9-8E05-B58BC1B7DAAE}
	EndGlobalSection
EndGlobal
